
Microsoft Visual Studio Solution File, Format Version 12.00
# Visual Studio Version 17
VisualStudioVersion = 17.14.37111.16
MinimumVisualStudioVersion = 10.0.40219.1
Project("{FAE04EC0-301F-11D3-BF4B-00C04F79EFBC}") = "GestaoFinanceira", "GestaoFinanceira\GestaoFinanceira\GestaoFinanceira.csproj", "{7A008743-ECE4-43BC-B9E2-2A7193724557}"
EndProject
Project("{FAE04EC0-301F-11D3-BF4B-00C04F79EFBC}") = "GestaoFinanceira.Client", "GestaoFinanceira\GestaoFinanceira.Client\GestaoFinanceira.Client.csproj", "{282DCCEC-761A-4F32-8A0B-04615E689C5F}"
EndProject
Global
	GlobalSection(SolutionConfigurationPlatforms) = preSolution
		Debug|Any CPU = Debug|Any CPU
		Release|Any CPU = Release|Any CPU
	EndGlobalSection
	GlobalSection(ProjectConfigurationPlatforms) = postSolution
		{7A008743-ECE4-43BC-B9E2-2A7193724557}.Debug|Any CPU.ActiveCfg = Debug|Any CPU
		{7A008743-ECE4-43BC-B9E2-2A7193724557}.Debug|Any CPU.Build.0 = Debug|Any CPU
		{7A008743-ECE4-43BC-B9E2-2A7193724557}.Release|Any CPU.ActiveCfg = Release|Any CPU
		{7A008743-ECE4-43BC-B9E2-2A7193724557}.Release|Any CPU.Build.0 = Release|Any CPU
		{282DCCEC-761A-4F32-8A0B-04615E689C5F}.Debug|Any CPU.ActiveCfg = Debug|Any CPU
		{282DCCEC-761A-4F32-8A0B-04615E689C5F}.Debug|Any CPU.Build.0 = Debug|Any CPU
		{282DCCEC-761A-4F32-8A0B-04615E689C5F}.Release|Any CPU.ActiveCfg = Release|Any CPU
		{282DCCEC-761A-4F32-8A0B-04615E689C5F}.Release|Any CPU.Build.0 = Release|Any CPU
	EndGlobalSection
	GlobalSection(SolutionProperties) = preSolution
		HideSolutionNode = FALSE
	EndGlobalSection
	GlobalSection(ExtensibilityGlobals) = postSolution
		SolutionGuid = {54D4BA44-13CC-4C4C-A2D7-76E0A22F22E5}
	EndGlobalSection
EndGlobal
